
Microsoft Visual Studio Solution File, Format Version 12.00
# Visual Studio Version 16
VisualStudioVersion = 16.0.33027.164
MinimumVisualStudioVersion = 10.0.40219.1
Project("{9A19103F-16F7-4668-BE54-9A1E7A4F7556}") = "OnlineShopWebApplication", "OnlineShopWebApplication\OnlineShopWebApplication.csproj", "{6D246A7F-B0A1-4707-9EEB-7C7347BB8D4E}"
EndProject
Project("{FAE04EC0-301F-11D3-BF4B-00C04F79EFBC}") = "OnlineShop.Database", "OnlineShop.Database\OnlineShop.Database.csproj", "{79D22BA6-4CD7-4AFE-8677-1BBB36A4090A}"
EndProject
Global
	GlobalSection(SolutionConfigurationPlatforms) = preSolution
		Debug|Any CPU = Debug|Any CPU
		Release|Any CPU = Release|Any CPU
	EndGlobalSection
	GlobalSection(ProjectConfigurationPlatforms) = postSolution
		{6D246A7F-B0A1-4707-9EEB-7C7347BB8D4E}.Debug|Any CPU.ActiveCfg = Debug|Any CPU
		{6D246A7F-B0A1-4707-9EEB-7C7347BB8D4E}.Debug|Any CPU.Build.0 = Debug|Any CPU
		{6D246A7F-B0A1-4707-9EEB-7C7347BB8D4E}.Release|Any CPU.ActiveCfg = Release|Any CPU
		{6D246A7F-B0A1-4707-9EEB-7C7347BB8D4E}.Release|Any CPU.Build.0 = Release|Any CPU
		{79D22BA6-4CD7-4AFE-8677-1BBB36A4090A}.Debug|Any CPU.ActiveCfg = Debug|Any CPU
		{79D22BA6-4CD7-4AFE-8677-1BBB36A4090A}.Debug|Any CPU.Build.0 = Debug|Any CPU
		{79D22BA6-4CD7-4AFE-8677-1BBB36A4090A}.Release|Any CPU.ActiveCfg = Release|Any CPU
		{79D22BA6-4CD7-4AFE-8677-1BBB36A4090A}.Release|Any CPU.Build.0 = Release|Any CPU
	EndGlobalSection
	GlobalSection(SolutionProperties) = preSolution
		HideSolutionNode = FALSE
	EndGlobalSection
	GlobalSection(ExtensibilityGlobals) = postSolution
		SolutionGuid = {1C5B67D9-686D-4C9E-AF5D-86256533A105}
	EndGlobalSection
EndGlobal
